{
  "version": 4,
  "terraform_version": "1.10.5",
  "serial": 4,
  "lineage": "c3337abb-a98b-21c4-fbe7-0b2e9fc5ac8f",
  "outputs": {
    "vpc_name": {
      "value": "module-vpc",
      "type": "string"
    }
  },
  "resources": [
    {
      "mode": "managed",
      "type": "local_file",
      "name": "favorite-food",
      "provider": "provider[\"registry.terraform.io/hashicorp/local\"]",
      "instances": [
        {
          "schema_version": 0,
          "attributes": {
            "content": "My favorite food is Macaroni and cheese",
            "content_base64": null,
            "content_base64sha256": "AlHf41NLHYpc9TvrowMhr8rxmtD+6fc+EPTO3Hw03NM=",
            "content_base64sha512": "YmGZeCmtpcb2b2ZO9QDajwH7xomGc8rzqv3bo82d+Lfy1nf3TA7g8gVeWI9ofWx3syz2BAFAZgtjmbCAjs6rLw==",
            "content_md5": "0ff818843ee98d15ad1ce29cb3d42389",
            "content_sha1": "b99e0bac0056963cd407d9c060428f721caadcec",
            "content_sha256": "0251dfe3534b1d8a5cf53beba30321afcaf19ad0fee9f73e10f4cedc7c34dcd3",
            "content_sha512": "6261997829ada5c6f66f664ef500da8f01fbc6898673caf3aafddba3cd9df8b7f2d677f74c0ee0f2055e588f687d6c77b32cf6040140660b6399b0808eceab2f",
            "directory_permission": "0777",
            "file_permission": "0777",
            "filename": "favorite_food.txt",
            "id": "b99e0bac0056963cd407d9c060428f721caadcec",
            "sensitive_content": null,
            "source": null
          },
          "sensitive_attributes": [
            [
              {
                "type": "get_attr",
                "value": "sensitive_content"
              }
            ]
          ]
        }
      ]
    },
    {
      "module": "module.vpc",
      "mode": "managed",
      "type": "google_compute_network",
      "name": "network",
      "provider": "provider[\"registry.terraform.io/hashicorp/google-beta\"]",
      "instances": [
        {
          "schema_version": 0,
          "attributes": {
            "auto_create_subnetworks": false,
            "bgp_always_compare_med": false,
            "bgp_best_path_selection_mode": "LEGACY",
            "bgp_inter_region_cost": "",
            "delete_bgp_always_compare_med": false,
            "delete_default_routes_on_create": false,
            "description": "",
            "enable_ula_internal_ipv6": false,
            "gateway_ipv4": "",
            "id": "projects/nt-7-5class-seir/global/networks/module-vpc",
            "internal_ipv6_range": "",
            "mtu": 0,
            "name": "module-vpc",
            "network_firewall_policy_enforcement_order": "AFTER_CLASSIC_FIREWALL",
            "network_id": "1355696770677422785",
            "network_profile": "",
            "numeric_id": "1355696770677422785",
            "params": [],
            "project": "nt-7-5class-seir",
            "routing_mode": "GLOBAL",
            "self_link": "https://www.googleapis.com/compute/v1/projects/nt-7-5class-seir/global/networks/module-vpc",
            "timeouts": null
          },
          "sensitive_attributes": [],
          "private": "eyJlMmJmYjczMC1lY2FhLTExZTYtOGY4OC0zNDM2M2JjN2M0YzAiOnsiY3JlYXRlIjoxMjAwMDAwMDAwMDAwLCJkZWxldGUiOjEyMDAwMDAwMDAwMDAsInVwZGF0ZSI6MTIwMDAwMDAwMDAwMH19"
        }
      ]
    }
  ],
  "check_results": null
}
